
Microsoft Visual Studio Solution File, Format Version 12.00
# Visual Studio Version 16
VisualStudioVersion = 16.0.30804.86
MinimumVisualStudioVersion = 10.0.40219.1
Project("{F184B08F-C81C-45F6-A57F-5ABD9991F28F}") = "DayTwo", "DayTwo.vbproj", "{4D86814B-FF8D-457A-89AA-B71B7DB2D23D}"
EndProject
Global
	GlobalSection(SolutionConfigurationPlatforms) = preSolution
		Debug|Any CPU = Debug|Any CPU
		Release|Any CPU = Release|Any CPU
	EndGlobalSection
	GlobalSection(ProjectConfigurationPlatforms) = postSolution
		{4D86814B-FF8D-457A-89AA-B71B7DB2D23D}.Debug|Any CPU.ActiveCfg = Debug|Any CPU
		{4D86814B-FF8D-457A-89AA-B71B7DB2D23D}.Debug|Any CPU.Build.0 = Debug|Any CPU
		{4D86814B-FF8D-457A-89AA-B71B7DB2D23D}.Release|Any CPU.ActiveCfg = Release|Any CPU
		{4D86814B-FF8D-457A-89AA-B71B7DB2D23D}.Release|Any CPU.Build.0 = Release|Any CPU
	EndGlobalSection
	GlobalSection(SolutionProperties) = preSolution
		HideSolutionNode = FALSE
	EndGlobalSection
	GlobalSection(ExtensibilityGlobals) = postSolution
		SolutionGuid = {CDB6DCEE-5118-4F49-BE6D-B0F1482F6E64}
	EndGlobalSection
EndGlobal
